
Microsoft Visual Studio Solution File, Format Version 12.00
# Visual Studio Version 16
VisualStudioVersion = 16.0.31410.357
MinimumVisualStudioVersion = 10.0.40219.1
Project("{FAE04EC0-301F-11D3-BF4B-00C04F79EFBC}") = "ONT2000 Project 2021_s220730571", "ONT2000 Project 2021_s220730571.csproj", "{D9AE018F-5AEF-4A97-8BA1-E3B6D110915A}"
EndProject
Global
	GlobalSection(SolutionConfigurationPlatforms) = preSolution
		Debug|Any CPU = Debug|Any CPU
		Release|Any CPU = Release|Any CPU
	EndGlobalSection
	GlobalSection(ProjectConfigurationPlatforms) = postSolution
		{D9AE018F-5AEF-4A97-8BA1-E3B6D110915A}.Debug|Any CPU.ActiveCfg = Debug|Any CPU
		{D9AE018F-5AEF-4A97-8BA1-E3B6D110915A}.Debug|Any CPU.Build.0 = Debug|Any CPU
		{D9AE018F-5AEF-4A97-8BA1-E3B6D110915A}.Release|Any CPU.ActiveCfg = Release|Any CPU
		{D9AE018F-5AEF-4A97-8BA1-E3B6D110915A}.Release|Any CPU.Build.0 = Release|Any CPU
	EndGlobalSection
	GlobalSection(SolutionProperties) = preSolution
		HideSolutionNode = FALSE
	EndGlobalSection
	GlobalSection(ExtensibilityGlobals) = postSolution
		SolutionGuid = {D89605D2-C702-4F8C-B34E-1F187124191B}
	EndGlobalSection
EndGlobal
